
Microsoft Visual Studio Solution File, Format Version 12.00
# Visual Studio Version 17
VisualStudioVersion = 17.8.34316.72
MinimumVisualStudioVersion = 10.0.40219.1
Project("{FAE04EC0-301F-11D3-BF4B-00C04F79EFBC}") = "aurastrip-adapter.app", "aurastrip-adapter.app\aurastrip-adapter.app.csproj", "{3C1DEC15-174F-B9BE-EBD1-3BD72BA8EA47}"
EndProject
Project("{930C7802-8A8C-48F9-8165-68863BCCD9DD}") = "aurastrip-adapter.installer", "aurastrip-adapter.installer\aurastrip-adapter.installer.wixproj", "{6F041F50-3015-4B51-87D5-EFD491554B3A}"
EndProject
Project("{FAE04EC0-301F-11D3-BF4B-00C04F79EFBC}") = "aurastrip-adapter.luncher", "aurastrip-adapter.luncher\aurastrip-adapter.luncher.csproj", "{1ECF5FC4-56E7-46F6-8354-E578622C2E95}"
EndProject
Global
	GlobalSection(SolutionConfigurationPlatforms) = preSolution
		Debug|Any CPU = Debug|Any CPU
		Debug|ARM64 = Debug|ARM64
		Debug|x64 = Debug|x64
		Debug|x86 = Debug|x86
		Release|Any CPU = Release|Any CPU
		Release|ARM64 = Release|ARM64
		Release|x64 = Release|x64
		Release|x86 = Release|x86
	EndGlobalSection
	GlobalSection(ProjectConfigurationPlatforms) = postSolution
		{3C1DEC15-174F-B9BE-EBD1-3BD72BA8EA47}.Debug|Any CPU.ActiveCfg = Debug|Any CPU
		{3C1DEC15-174F-B9BE-EBD1-3BD72BA8EA47}.Debug|Any CPU.Build.0 = Debug|Any CPU
		{3C1DEC15-174F-B9BE-EBD1-3BD72BA8EA47}.Debug|ARM64.ActiveCfg = Debug|Any CPU
		{3C1DEC15-174F-B9BE-EBD1-3BD72BA8EA47}.Debug|ARM64.Build.0 = Debug|Any CPU
		{3C1DEC15-174F-B9BE-EBD1-3BD72BA8EA47}.Debug|x64.ActiveCfg = Debug|Any CPU
		{3C1DEC15-174F-B9BE-EBD1-3BD72BA8EA47}.Debug|x64.Build.0 = Debug|Any CPU
		{3C1DEC15-174F-B9BE-EBD1-3BD72BA8EA47}.Debug|x86.ActiveCfg = Debug|Any CPU
		{3C1DEC15-174F-B9BE-EBD1-3BD72BA8EA47}.Debug|x86.Build.0 = Debug|Any CPU
		{3C1DEC15-174F-B9BE-EBD1-3BD72BA8EA47}.Release|Any CPU.ActiveCfg = Release|Any CPU
		{3C1DEC15-174F-B9BE-EBD1-3BD72BA8EA47}.Release|Any CPU.Build.0 = Release|Any CPU
		{3C1DEC15-174F-B9BE-EBD1-3BD72BA8EA47}.Release|ARM64.ActiveCfg = Release|Any CPU
		{3C1DEC15-174F-B9BE-EBD1-3BD72BA8EA47}.Release|ARM64.Build.0 = Release|Any CPU
		{3C1DEC15-174F-B9BE-EBD1-3BD72BA8EA47}.Release|x64.ActiveCfg = Release|Any CPU
		{3C1DEC15-174F-B9BE-EBD1-3BD72BA8EA47}.Release|x64.Build.0 = Release|Any CPU
		{3C1DEC15-174F-B9BE-EBD1-3BD72BA8EA47}.Release|x86.ActiveCfg = Release|Any CPU
		{3C1DEC15-174F-B9BE-EBD1-3BD72BA8EA47}.Release|x86.Build.0 = Release|Any CPU
		{6F041F50-3015-4B51-87D5-EFD491554B3A}.Debug|Any CPU.ActiveCfg = Debug|x86
		{6F041F50-3015-4B51-87D5-EFD491554B3A}.Debug|Any CPU.Build.0 = Debug|x86
		{6F041F50-3015-4B51-87D5-EFD491554B3A}.Debug|ARM64.ActiveCfg = Debug|x86
		{6F041F50-3015-4B51-87D5-EFD491554B3A}.Debug|ARM64.Build.0 = Debug|x86
		{6F041F50-3015-4B51-87D5-EFD491554B3A}.Debug|x64.ActiveCfg = Debug|x86
		{6F041F50-3015-4B51-87D5-EFD491554B3A}.Debug|x64.Build.0 = Debug|x86
		{6F041F50-3015-4B51-87D5-EFD491554B3A}.Debug|x86.ActiveCfg = Debug|x86
		{6F041F50-3015-4B51-87D5-EFD491554B3A}.Debug|x86.Build.0 = Debug|x86
		{6F041F50-3015-4B51-87D5-EFD491554B3A}.Release|Any CPU.ActiveCfg = Release|x86
		{6F041F50-3015-4B51-87D5-EFD491554B3A}.Release|Any CPU.Build.0 = Release|x86
		{6F041F50-3015-4B51-87D5-EFD491554B3A}.Release|ARM64.ActiveCfg = Release|x86
		{6F041F50-3015-4B51-87D5-EFD491554B3A}.Release|ARM64.Build.0 = Release|x86
		{6F041F50-3015-4B51-87D5-EFD491554B3A}.Release|x64.ActiveCfg = Release|x86
		{6F041F50-3015-4B51-87D5-EFD491554B3A}.Release|x64.Build.0 = Release|x86
		{6F041F50-3015-4B51-87D5-EFD491554B3A}.Release|x86.ActiveCfg = Release|x86
		{6F041F50-3015-4B51-87D5-EFD491554B3A}.Release|x86.Build.0 = Release|x86
		{1ECF5FC4-56E7-46F6-8354-E578622C2E95}.Debug|Any CPU.ActiveCfg = Debug|Any CPU
		{1ECF5FC4-56E7-46F6-8354-E578622C2E95}.Debug|Any CPU.Build.0 = Debug|Any CPU
		{1ECF5FC4-56E7-46F6-8354-E578622C2E95}.Debug|ARM64.ActiveCfg = Debug|Any CPU
		{1ECF5FC4-56E7-46F6-8354-E578622C2E95}.Debug|ARM64.Build.0 = Debug|Any CPU
		{1ECF5FC4-56E7-46F6-8354-E578622C2E95}.Debug|x64.ActiveCfg = Debug|Any CPU
		{1ECF5FC4-56E7-46F6-8354-E578622C2E95}.Debug|x64.Build.0 = Debug|Any CPU
		{1ECF5FC4-56E7-46F6-8354-E578622C2E95}.Debug|x86.ActiveCfg = Debug|Any CPU
		{1ECF5FC4-56E7-46F6-8354-E578622C2E95}.Debug|x86.Build.0 = Debug|Any CPU
		{1ECF5FC4-56E7-46F6-8354-E578622C2E95}.Release|Any CPU.ActiveCfg = Release|Any CPU
		{1ECF5FC4-56E7-46F6-8354-E578622C2E95}.Release|Any CPU.Build.0 = Release|Any CPU
		{1ECF5FC4-56E7-46F6-8354-E578622C2E95}.Release|ARM64.ActiveCfg = Release|Any CPU
		{1ECF5FC4-56E7-46F6-8354-E578622C2E95}.Release|ARM64.Build.0 = Release|Any CPU
		{1ECF5FC4-56E7-46F6-8354-E578622C2E95}.Release|x64.ActiveCfg = Release|Any CPU
		{1ECF5FC4-56E7-46F6-8354-E578622C2E95}.Release|x64.Build.0 = Release|Any CPU
		{1ECF5FC4-56E7-46F6-8354-E578622C2E95}.Release|x86.ActiveCfg = Release|Any CPU
		{1ECF5FC4-56E7-46F6-8354-E578622C2E95}.Release|x86.Build.0 = Release|Any CPU
	EndGlobalSection
	GlobalSection(SolutionProperties) = preSolution
		HideSolutionNode = FALSE
	EndGlobalSection
	GlobalSection(ExtensibilityGlobals) = postSolution
		SolutionGuid = {87A072A2-9090-4FEE-8106-95C2AA7F2BEC}
	EndGlobalSection
EndGlobal
